%{"conform": {:git, "https://github.com/bitwalker/conform.git", "6a2762649996a4c680f70f3572160c3b08a6f163", []},
  "distillery": {:git, "https://github.com/bitwalker/distillery.git", "f3aec207cf4c9656126110bc5d8b70a0b624fed8", []},
  "neotoma": {:hex, :neotoma, "1.7.3", "d8bd5404b73273989946e4f4f6d529e5c2088f5fa1ca790b4dbe81f4be408e61", [:rebar], []}}
